// !$*UTF8*$!
{
	archiveVersion = 1;
	classes = {
	};
	objectVersion = 46;
	objects = {

/* Begin PBXBuildFile section */
		11D41BA31C96B9CC0083753A /* AppDelegate.swift in Sources */ = {isa = PBXBuildFile; fileRef = 11D41BA21C96B9CC0083753A /* AppDelegate.swift */; };
		11D41BA51C96B9CC0083753A /* ViewController.swift in Sources */ = {isa = PBXBuildFile; fileRef = 11D41BA41C96B9CC0083753A /* ViewController.swift */; };
		11D41BA81C96B9CC0083753A /* Main.storyboard in Resources */ = {isa = PBXBuildFile; fileRef = 11D41BA61C96B9CC0083753A /* Main.storyboard */; };
		11D41BAA1C96B9CC0083753A /* Assets.xcassets in Resources */ = {isa = PBXBuildFile; fileRef = 11D41BA91C96B9CC0083753A /* Assets.xcassets */; };
		11D41BAD1C96B9CC0083753A /* LaunchScreen.storyboard in Resources */ = {isa = PBXBuildFile; fileRef = 11D41BAB1C96B9CC0083753A /* LaunchScreen.storyboard */; };
/* End PBXBuildFile section */

/* Begin PBXFileReference section */
		11D41B9F1C96B9CC0083753A /* Alphacamp_AutoLayout_homework.app */ = {isa = PBXFileReference; explicitFileType = wrapper.application; includeInIndex = 0; path = Alphacamp_AutoLayout_homework.app; sourceTree = BUILT_PRODUCTS_DIR; };
		11D41BA21C96B9CC0083753A /* AppDelegate.swift */ = {isa = PBXFileReference; lastKnownFileType = sourcecode.swift; path = AppDelegate.swift; sourceTree = "<group>"; };
		11D41BA41C96B9CC0083753A /* ViewController.swift */ = {isa = PBXFileReference; lastKnownFileType = sourcecode.swift; path = ViewController.swift; sourceTree = "<group>"; };
		11D41BA71C96B9CC0083753A /* Base */ = {isa = PBXFileReference; lastKnownFileType = file.storyboard; name = Base; path = Base.lproj/Main.storyboard; sourceTree = "<group>"; };
		11D41BA91C96B9CC0083753A /* Assets.xcassets */ = {isa = PBXFileReference; lastKnownFileType = folder.assetcatalog; path = Assets.xcassets; sourceTree = "<group>"; };
		11D41BAC1C96B9CC0083753A /* Base */ = {isa = PBXFileReference; lastKnownFileType = file.storyboard; name = Base; path = Base.lproj/LaunchScreen.storyboard; sourceTree = "<group>"; };
		11D41BAE1C96B9CC0083753A /* Info.plist */ = {isa = PBXFileReference; lastKnownFileType = text.plist.xml; path = Info.plist; sourceTree = "<group>"; };
/* End PBXFileReference section */

/* Begin PBXFrameworksBuildPhase section */
		11D41B9C1C96B9CC0083753A /* Frameworks */ = {
			isa = PBXFrameworksBuildPhase;
			buildActionMask = 2147483647;
			files = (
			);
			runOnlyForDeploymentPostprocessing = 0;
		};
/* End PBXFrameworksBuildPhase section */

/* Begin PBXGroup section */
		11D41B961C96B9CC0083753A = {
			isa = PBXGroup;
			children = (
				11D41BA11C96B9CC0083753A /* Alphacamp_AutoLayout_homework */,
				11D41BA01C96B9CC0083753A /* Products */,
			);
			sourceTree = "<group>";
		};
		11D41BA01C96B9CC0083753A /* Products */ = {
			isa = PBXGroup;
			children = (
				11D41B9F1C96B9CC0083753A /* Alphacamp_AutoLayout_homework.app */,
			);
			name = Products;
			sourceTree = "<group>";
		};
		11D41BA11C96B9CC0083753A /* Alphacamp_AutoLayout_homework */ = {
			isa = PBXGroup;
			children = (
				11D41BA21C96B9CC0083753A /* AppDelegate.swift */,
				11D41BA41C96B9CC0083753A /* ViewController.swift */,
				11D41BA61C96B9CC0083753A /* Main.storyboard */,
				11D41BA91C96B9CC0083753A /* Assets.xcassets */,
				11D41BAB1C96B9CC0083753A /* LaunchScreen.storyboard */,
				11D41BAE1C96B9CC0083753A /* Info.plist */,
			);
			path = Alphacamp_AutoLayout_homework;
			sourceTree = "<group>";
		};
/* End PBXGroup section */

/* Begin PBXNativeTarget section */
		11D41B9E1C96B9CC0083753A /* Alphacamp_AutoLayout_homework */ = {
			isa = PBXNativeTarget;
			buildConfigurationList = 11D41BB11C96B9CC0083753A /* Build configuration list for PBXNativeTarget "Alphacamp_AutoLayout_homework" */;
			buildPhases = (
				11D41B9B1C96B9CC0083753A /* Sources */,
				11D41B9C1C96B9CC0083753A /* Frameworks */,
				11D41B9D1C96B9CC0083753A /* Resources */,
			);
			buildRules = (
			);
			dependencies = (
			);
			name = Alphacamp_AutoLayout_homework;
			productName = Alphacamp_AutoLayout_homework;
			productReference = 11D41B9F1C96B9CC0083753A /* Alphacamp_AutoLayout_homework.app */;
			productType = "com.apple.product-type.application";
		};
/* End PBXNativeTarget section */

/* Begin PBXProject section */
		11D41B971C96B9CC0083753A /* Project object */ = {
			isa = PBXProject;
			attributes = {
				LastSwiftUpdateCheck = 0720;
				LastUpgradeCheck = 0720;
				ORGANIZATIONNAME = "Ka Ho";
				TargetAttributes = {
					11D41B9E1C96B9CC0083753A = {
						CreatedOnToolsVersion = 7.2.1;
					};
				};
			};
			buildConfigurationList = 11D41B9A1C96B9CC0083753A /* Build configuration list for PBXProject "Alphacamp_AutoLayout_homework" */;
			compatibilityVersion = "Xcode 3.2";
			developmentRegion = English;
			hasScannedForEncodings = 0;
			knownRegions = (
				en,
				Base,
			);
			mainGroup = 11D41B961C96B9CC0083753A;
			productRefGroup = 11D41BA01C96B9CC0083753A /* Products */;
			projectDirPath = "";
			projectRoot = "";
			targets = (
				11D41B9E1C96B9CC0083753A /* Alphacamp_AutoLayout_homework */,
			);
		};
/* End PBXProject section */

/* Begin PBXResourcesBuildPhase section */
		11D41B9D1C96B9CC0083753A /* Resources */ = {
			isa = PBXResourcesBuildPhase;
			buildActionMask = 2147483647;
			files = (
				11D41BAD1C96B9CC0083753A /* LaunchScreen.storyboard in Resources */,
				11D41BAA1C96B9CC0083753A /* Assets.xcassets in Resources */,
				11D41BA81C96B9CC0083753A /* Main.storyboard in Resources */,
			);
			runOnlyForDeploymentPostprocessing = 0;
		};
/* End PBXResourcesBuildPhase section */

/* Begin PBXSourcesBuildPhase section */
		11D41B9B1C96B9CC0083753A /* Sources */ = {
			isa = PBXSourcesBuildPhase;
			buildActionMask = 2147483647;
			files = (
				11D41BA51C96B9CC0083753A /* ViewController.swift in Sources */,
				11D41BA31C96B9CC0083753A /* AppDelegate.swift in Sources */,
			);
			runOnlyForDeploymentPostprocessing = 0;
		};
/* End PBXSourcesBuildPhase section */

/* Begin PBXVariantGroup section */
		11D41BA61C96B9CC0083753A /* Main.storyboard */ = {
			isa = PBXVariantGroup;
			children = (
				11D41BA71C96B9CC0083753A /* Base */,
			);
			name = Main.storyboard;
			sourceTree = "<group>";
		};
		11D41BAB1C96B9CC0083753A /* LaunchScreen.storyboard */ = {
			isa = PBXVariantGroup;
			children = (
				11D41BAC1C96B9CC0083753A /* Base */,
			);
			name = LaunchScreen.storyboard;
			sourceTree = "<group>";
		};
/* End PBXVariantGroup section */

/* Begin XCBuildConfiguration section */
		11D41BAF1C96B9CC0083753A /* Debug */ = {
			isa = XCBuildConfiguration;
			buildSettings = {
				ALWAYS_SEARCH_USER_PATHS = NO;
				CLANG_CXX_LANGUAGE_STANDARD = "gnu++0x";
				CLANG_CXX_LIBRARY = "libc++";
				CLANG_ENABLE_MODULES = YES;
				CLANG_ENABLE_OBJC_ARC = YES;
				CLANG_WARN_BOOL_CONVERSION = YES;
				CLANG_WARN_CONSTANT_CONVERSION = YES;
				CLANG_WARN_DIRECT_OBJC_ISA_USAGE = YES_ERROR;
				CLANG_WARN_EMPTY_BODY = YES;
				CLANG_WARN_ENUM_CONVERSION = YES;
				CLANG_WARN_INT_CONVERSION = YES;
				CLANG_WARN_OBJC_ROOT_CLASS = YES_ERROR;
				CLANG_WARN_UNREACHABLE_CODE = YES;
				CLANG_WARN__DUPLICATE_METHOD_MATCH = YES;
				"CODE_SIGN_IDENTITY[sdk=iphoneos*]" = "iPhone Developer";
				COPY_PHASE_STRIP = NO;
				DEBUG_INFORMATION_FORMAT = dwarf;
				ENABLE_STRICT_OBJC_MSGSEND = YES;
				ENABLE_TESTABILITY = YES;
				GCC_C_LANGUAGE_STANDARD = gnu99;
				GCC_DYNAMIC_NO_PIC = NO;
				GCC_NO_COMMON_BLOCKS = YES;
				GCC_OPTIMIZATION_LEVEL = 0;
				GCC_PREPROCESSOR_DEFINITIONS = (
					"DEBUG=1",
					"$(inherited)",
				);
				GCC_WARN_64_TO_32_BIT_CONVERSION = YES;
				GCC_WARN_ABOUT_RETURN_TYPE = YES_ERROR;
				GCC_WARN_UNDECLARED_SELECTOR = YES;
				GCC_WARN_UNINITIALIZED_AUTOS = YES_AGGRESSIVE;
				GCC_WARN_UNUSED_FUNCTION = YES;
				GCC_WARN_UNUSED_VARIABLE = YES;
				IPHONEOS_DEPLOYMENT_TARGET = 9.2;
				MTL_ENABLE_DEBUG_INFO = YES;
				ONLY_ACTIVE_ARCH = YES;
				SDKROOT = iphoneos;
				SWIFT_OPTIMIZATION_LEVEL = "-Onone";
				TARGETED_DEVICE_FAMILY = "1,2";
			};
			name = Debug;
		};
		11D41BB01C96B9CC0083753A /* Release */ = {
			isa = XCBuildConfiguration;
			buildSettings = {
				ALWAYS_SEARCH_USER_PATHS = NO;
				CLANG_CXX_LANGUAGE_STANDARD = "gnu++0x";
				CLANG_CXX_LIBRARY = "libc++";
				CLANG_ENABLE_MODULES = YES;
				CLANG_ENABLE_OBJC_ARC = YES;
				CLANG_WARN_BOOL_CONVERSION = YES;
				CLANG_WARN_CONSTANT_CONVERSION = YES;
				CLANG_WARN_DIRECT_OBJC_ISA_USAGE = YES_ERROR;
				CLANG_WARN_EMPTY_BODY = YES;
				CLANG_WARN_ENUM_CONVERSION = YES;
				CLANG_WARN_INT_CONVERSION = YES;
				CLANG_WARN_OBJC_ROOT_CLASS = YES_ERROR;
				CLANG_WARN_UNREACHABLE_CODE = YES;
				CLANG_WARN__DUPLICATE_METHOD_MATCH = YES;
				"CODE_SIGN_IDENTITY[sdk=iphoneos*]" = "iPhone Developer";
				COPY_PHASE_STRIP = NO;
				DEBUG_INFORMATION_FORMAT = "dwarf-with-dsym";
				ENABLE_NS_ASSERTIONS = NO;
				ENABLE_STRICT_OBJC_MSGSEND = YES;
				GCC_C_LANGUAGE_STANDARD = gnu99;
				GCC_NO_COMMON_BLOCKS = YES;
				GCC_WARN_64_TO_32_BIT_CONVERSION = YES;
				GCC_WARN_ABOUT_RETURN_TYPE = YES_ERROR;
				GCC_WARN_UNDECLARED_SELECTOR = YES;
				GCC_WARN_UNINITIALIZED_AUTOS = YES_AGGRESSIVE;
				GCC_WARN_UNUSED_FUNCTION = YES;
				GCC_WARN_UNUSED_VARIABLE = YES;
				IPHONEOS_DEPLOYMENT_TARGET = 9.2;
				MTL_ENABLE_DEBUG_INFO = NO;
				SDKROOT = iphoneos;
				TARGETED_DEVICE_FAMILY = "1,2";
				VALIDATE_PRODUCT = YES;
			};
			name = Release;
		};
		11D41BB21C96B9CC0083753A /* Debug */ = {
			isa = XCBuildConfiguration;
			buildSettings = {
				ASSETCATALOG_COMPILER_APPICON_NAME = AppIcon;
				INFOPLIST_FILE = Alphacamp_AutoLayout_homework/Info.plist;
				LD_RUNPATH_SEARCH_PATHS = "$(inherited) @executable_path/Frameworks";
				PRODUCT_BUNDLE_IDENTIFIER = "net.kahopoon.Alphacamp-AutoLayout-homework";
				PRODUCT_NAME = "$(TARGET_NAME)";
			};
			name = Debug;
		};
		11D41BB31C96B9CC0083753A /* Release */ = {
			isa = XCBuildConfiguration;
			buildSettings = {
				ASSETCATALOG_COMPILER_APPICON_NAME = AppIcon;
				INFOPLIST_FILE = Alphacamp_AutoLayout_homework/Info.plist;
				LD_RUNPATH_SEARCH_PATHS = "$(inherited) @executable_path/Frameworks";
				PRODUCT_BUNDLE_IDENTIFIER = "net.kahopoon.Alphacamp-AutoLayout-homework";
				PRODUCT_NAME = "$(TARGET_NAME)";
			};
			name = Release;
		};
/* End XCBuildConfiguration section */

/* Begin XCConfigurationList section */
		11D41B9A1C96B9CC0083753A /* Build configuration list for PBXProject "Alphacamp_AutoLayout_homework" */ = {
			isa = XCConfigurationList;
			buildConfigurations = (
				11D41BAF1C96B9CC0083753A /* Debug */,
				11D41BB01C96B9CC0083753A /* Release */,
			);
			defaultConfigurationIsVisible = 0;
			defaultConfigurationName = Release;
		};
		11D41BB11C96B9CC0083753A /* Build configuration list for PBXNativeTarget "Alphacamp_AutoLayout_homework" */ = {
			isa = XCConfigurationList;
			buildConfigurations = (
				11D41BB21C96B9CC0083753A /* Debug */,
				11D41BB31C96B9CC0083753A /* Release */,
			);
			defaultConfigurationIsVisible = 0;
		};
/* End XCConfigurationList section */
	};
	rootObject = 11D41B971C96B9CC0083753A /* Project object */;
}
